PODS:
  - Alamofire (5.2.2)
  - Realm (10.1.1):
    - Realm/Headers (= 10.1.1)
  - Realm/Headers (10.1.1)
  - RealmSwift (10.1.1):
    - Realm (= 10.1.1)
  - SDWebImage (5.9.2):
    - SDWebImage/Core (= 5.9.2)
  - SDWebImage/Core (5.9.2)
  - SwiftyJSON (5.0.0)

DEPENDENCIES:
  - Alamofire
  - Realm
  - RealmSwift
  - SDWebImage
  - SwiftyJSON

SPEC REPOS:
  trunk:
    - Alamofire
    - Realm
    - RealmSwift
    - SDWebImage
    - SwiftyJSON

SPEC CHECKSUMS:
  Alamofire: 814429acc853c6c54ff123fc3d2ef66803823ce0
  Realm: 784ca1da1453e31a9c9adc14445421a81f316119
  RealmSwift: cc52fe0dcea56387274dff36e19219e055a3bb84
  SDWebImage: 0b42b8719ab0c5257177d5894306e8a336b21cbb
  SwiftyJSON: 36413e04c44ee145039d332b4f4e2d3e8d6c4db7

PODFILE CHECKSUM: 4d76337c2fa6536a201d0f2972eab2357bdaeb91

COCOAPODS: 1.10.0
